{
  "nodes": {
    "dream2nix": {
      "inputs": {
        "nixpkgs": "nixpkgs",
        "purescript-overlay": "purescript-overlay",
        "pyproject-nix": "pyproject-nix"
      },
      "locked": {
        "lastModified": 1706083796,
        "narHash": "sha256-tDmoPA3gukJPfjR/pKl6hNcRP7cuEGw6ruoguHS4szo=",
        "owner": "nix-community",
        "repo": "dream2nix",
        "rev": "16f2c654c6673a2b72225c81fb73af830139e33c",
        "type": "github"
      },
      "original": {
        "owner": "nix-community",
        "repo": "dream2nix",
        "type": "github"
      }
    },
    "dream2nix_2": {
      "inputs": {
        "nixpkgs": "nixpkgs_5",
        "purescript-overlay": "purescript-overlay_2",
        "pyproject-nix": "pyproject-nix_2"
      },
      "locked": {
        "lastModified": 1700448730,
        "narHash": "sha256-5dQTWQgCY1/XXDgxuYP1bT5S6rNdoukFRRmGdaL8uBw=",
        "owner": "nix-community",
        "repo": "dream2nix",
        "rev": "427b5e94f4b57d35466c37bc962eb9122e6df2ad",
        "type": "github"
      },
      "original": {
        "owner": "nix-community",
        "repo": "dream2nix",
        "type": "github"
      }
    },
    "flake-utils": {
      "inputs": {
        "systems": "systems"
      },
      "locked": {
        "lastModified": 1694529238,
        "narHash": "sha256-zsNZZGTGnMOf9YpHKJqMSsa0dXbfmxeoJ7xHlrt+xmY=",
        "owner": "numtide",
        "repo": "flake-utils",
        "rev": "ff7b65b44d01cf9ba6a71320833626af21126384",
        "type": "github"
      },
      "original": {
        "owner": "numtide",
        "repo": "flake-utils",
        "type": "github"
      }
    },
    "nix-ros-overlay": {
      "inputs": {
        "flake-utils": "flake-utils",
        "nixpkgs": "nixpkgs_2"
      },
      "locked": {
        "lastModified": 1705854852,
        "narHash": "sha256-JhOE6EQvLE+qlOCW/IRpBk5foA0CE442itzvOF0KIvI=",
        "owner": "lopsided98",
        "repo": "nix-ros-overlay",
        "rev": "5053bf9d7617d1df78fbdf2851e6e185edef5e8f",
        "type": "github"
      },
      "original": {
        "owner": "lopsided98",
        "repo": "nix-ros-overlay",
        "type": "github"
      }
    },
    "nixlib": {
      "locked": {
        "lastModified": 1693701915,
        "narHash": "sha256-waHPLdDYUOHSEtMKKabcKIMhlUOHPOOPQ9UyFeEoovs=",
        "owner": "nix-community",
        "repo": "nixpkgs.lib",
        "rev": "f5af57d3ef9947a70ac86e42695231ac1ad00c25",
        "type": "github"
      },
      "original": {
        "owner": "nix-community",
        "repo": "nixpkgs.lib",
        "type": "github"
      }
    },
    "nixos-generators": {
      "inputs": {
        "nixlib": "nixlib",
        "nixpkgs": [
          "nixpkgs"
        ]
      },
      "locked": {
        "lastModified": 1706085261,
        "narHash": "sha256-7PgpHRHyShINcqgevPP1fJ6N8kM5ZSOJnk3QZBrOCQ0=",
        "owner": "nix-community",
        "repo": "nixos-generators",
        "rev": "896f6589db5b25023b812bbb6c1f5d3a499b1132",
        "type": "github"
      },
      "original": {
        "owner": "nix-community",
        "repo": "nixos-generators",
        "type": "github"
      }
    },
    "nixos-rk3588": {
      "inputs": {
        "nixpkgs": "nixpkgs_3"
      },
      "locked": {
        "lastModified": 1694662978,
        "narHash": "sha256-6/PtQqfPUdUjxRLjUriISlH0k7DsDuGCT6kyARyNIUw=",
        "owner": "realsnick",
        "repo": "nixos-rk3588",
        "rev": "926a17f4c5652c580dc7dec04c75352ec366eb6b",
        "type": "github"
      },
      "original": {
        "owner": "realsnick",
        "repo": "nixos-rk3588",
        "type": "github"
      }
    },
    "nixpkgs": {
      "locked": {
        "lastModified": 1702272962,
        "narHash": "sha256-D+zHwkwPc6oYQ4G3A1HuadopqRwUY/JkMwHz1YF7j4Q=",
        "owner": "NixOS",
        "repo": "nixpkgs",
        "rev": "e97b3e4186bcadf0ef1b6be22b8558eab1cdeb5d",
        "type": "github"
      },
      "original": {
        "owner": "NixOS",
        "ref": "nixpkgs-unstable",
        "repo": "nixpkgs",
        "type": "github"
      }
    },
    "nixpkgs_2": {
      "locked": {
        "lastModified": 1700995207,
        "narHash": "sha256-uTyMkEVTlgPjQPyB0cAW0mLvXJs5Zq0ZYHnz1pheTgs=",
        "owner": "lopsided98",
        "repo": "nixpkgs",
        "rev": "173b74db07f26344f3517716edd4bff6987b512d",
        "type": "github"
      },
      "original": {
        "owner": "lopsided98",
        "ref": "nix-ros",
        "repo": "nixpkgs",
        "type": "github"
      }
    },
    "nixpkgs_3": {
      "locked": {
        "lastModified": 1691486536,
        "narHash": "sha256-W2jYTn6rNiJEpjXkOiZxNltgxxwgeZE5cQ967NgsrHU=",
        "owner": "NixOS",
        "repo": "nixpkgs",
        "rev": "8fa39adf946a4470610b38fd7aff0a73ad4356c3",
        "type": "github"
      },
      "original": {
        "owner": "NixOS",
        "ref": "nixos-23.05-small",
        "repo": "nixpkgs",
        "type": "github"
      }
    },
    "nixpkgs_4": {
      "locked": {
        "lastModified": 1702625499,
        "narHash": "sha256-4WxNYX960/lUWX2DEbutfuFtboFFxIevHuZA3LqLOsk=",
        "owner": "realsnick",
        "repo": "nixpkgs",
        "rev": "94840b536d01b1771cbdeb9dbaeb295ad6ab3546",
        "type": "github"
      },
      "original": {
        "owner": "realsnick",
        "repo": "nixpkgs",
        "type": "github"
      }
    },
    "nixpkgs_5": {
      "locked": {
        "lastModified": 1695837737,
        "narHash": "sha256-KcqmJ5hNacLuE7fkz5586kp/vt4NLo6+Prq3DMgrxpQ=",
        "owner": "NixOS",
        "repo": "nixpkgs",
        "rev": "517501bcf14ae6ec47efd6a17dda0ca8e6d866f9",
        "type": "github"
      },
      "original": {
        "owner": "NixOS",
        "ref": "nixpkgs-unstable",
        "repo": "nixpkgs",
        "type": "github"
      }
    },
    "purescript-overlay": {
      "inputs": {
        "nixpkgs": [
          "dream2nix",
          "nixpkgs"
        ],
        "slimlock": "slimlock"
      },
      "locked": {
        "lastModified": 1696022621,
        "narHash": "sha256-eMjFmsj2G1E0Q5XiibUNgFjTiSz0GxIeSSzzVdoN730=",
        "owner": "thomashoneyman",
        "repo": "purescript-overlay",
        "rev": "047c7933abd6da8aa239904422e22d190ce55ead",
        "type": "github"
      },
      "original": {
        "owner": "thomashoneyman",
        "repo": "purescript-overlay",
        "type": "github"
      }
    },
    "purescript-overlay_2": {
      "inputs": {
        "nixpkgs": [
          "sky360-dream2nix",
          "dream2nix",
          "nixpkgs"
        ],
        "slimlock": "slimlock_2"
      },
      "locked": {
        "lastModified": 1696022621,
        "narHash": "sha256-eMjFmsj2G1E0Q5XiibUNgFjTiSz0GxIeSSzzVdoN730=",
        "owner": "thomashoneyman",
        "repo": "purescript-overlay",
        "rev": "047c7933abd6da8aa239904422e22d190ce55ead",
        "type": "github"
      },
      "original": {
        "owner": "thomashoneyman",
        "repo": "purescript-overlay",
        "type": "github"
      }
    },
    "pyproject-nix": {
      "flake": false,
      "locked": {
        "lastModified": 1702448246,
        "narHash": "sha256-hFg5s/hoJFv7tDpiGvEvXP0UfFvFEDgTdyHIjDVHu1I=",
        "owner": "davhau",
        "repo": "pyproject.nix",
        "rev": "5a06a2697b228c04dd2f35659b4b659ca74f7aeb",
        "type": "github"
      },
      "original": {
        "owner": "davhau",
        "ref": "dream2nix",
        "repo": "pyproject.nix",
        "type": "github"
      }
    },
    "pyproject-nix_2": {
      "flake": false,
      "locked": {
        "lastModified": 1699067645,
        "narHash": "sha256-SJOEPVFARVfS0qQQqbnGywt8uOZMmlV1PazQtGNNCfQ=",
        "owner": "adisbladis",
        "repo": "pyproject.nix",
        "rev": "56b5a6ae1ac63a0a3a044d602a3b5d09a5d10dc0",
        "type": "github"
      },
      "original": {
        "owner": "adisbladis",
        "repo": "pyproject.nix",
        "type": "github"
      }
    },
    "root": {
      "inputs": {
        "dream2nix": "dream2nix",
        "nix-ros-overlay": "nix-ros-overlay",
        "nixos-generators": "nixos-generators",
        "nixos-rk3588": "nixos-rk3588",
        "nixpkgs": "nixpkgs_4",
        "sky360-dream2nix": "sky360-dream2nix"
      }
    },
    "sky360-dream2nix": {
      "inputs": {
        "dream2nix": "dream2nix_2",
        "nixpkgs": [
          "sky360-dream2nix",
          "dream2nix",
          "nixpkgs"
        ]
      },
      "locked": {
        "lastModified": 1,
        "narHash": "sha256-QAeCaqFUuyDFYYBbnXxHQcA5EHzTY6HsT6aA+zQ3HOY=",
        "path": "/nix/store/2zy4d5z3ldh9ss18cwlk93qgxncm2snw-source/nixOS/dream2nix",
        "type": "path"
      },
      "original": {
        "path": "/nix/store/2zy4d5z3ldh9ss18cwlk93qgxncm2snw-source/nixOS/dream2nix",
        "type": "path"
      }
    },
    "slimlock": {
      "inputs": {
        "nixpkgs": [
          "dream2nix",
          "purescript-overlay",
          "nixpkgs"
        ]
      },
      "locked": {
        "lastModified": 1688610262,
        "narHash": "sha256-Wg0ViDotFWGWqKIQzyYCgayeH8s4U1OZcTiWTQYdAp4=",
        "owner": "thomashoneyman",
        "repo": "slimlock",
        "rev": "b5c6cdcaf636ebbebd0a1f32520929394493f1a6",
        "type": "github"
      },
      "original": {
        "owner": "thomashoneyman",
        "repo": "slimlock",
        "type": "github"
      }
    },
    "slimlock_2": {
      "inputs": {
        "nixpkgs": [
          "sky360-dream2nix",
          "dream2nix",
          "purescript-overlay",
          "nixpkgs"
        ]
      },
      "locked": {
        "lastModified": 1688610262,
        "narHash": "sha256-Wg0ViDotFWGWqKIQzyYCgayeH8s4U1OZcTiWTQYdAp4=",
        "owner": "thomashoneyman",
        "repo": "slimlock",
        "rev": "b5c6cdcaf636ebbebd0a1f32520929394493f1a6",
        "type": "github"
      },
      "original": {
        "owner": "thomashoneyman",
        "repo": "slimlock",
        "type": "github"
      }
    },
    "systems": {
      "locked": {
        "lastModified": 1681028828,
        "narHash": "sha256-Vy1rq5AaRuLzOxct8nz4T6wlgyUR7zLU309k9mBC768=",
        "owner": "nix-systems",
        "repo": "default",
        "rev": "da67096a3b9bf56a91d16901293e51ba5b49a27e",
        "type": "github"
      },
      "original": {
        "owner": "nix-systems",
        "repo": "default",
        "type": "github"
      }
    }
  },
  "root": "root",
  "version": 7
}
